{
    "_readme": [
        "This file locks the dependencies of your project to a known state",
        "Read more about it at https://getcomposer.org/doc/01-basic-usage.md#installing-dependencies",
        "This file is @generated automatically"
    ],
    "content-hash": "f850b4a531317914b9045752ab7ba3f8",
    "packages": [
        {
            "name": "rocklobsterinc/form-data-tree",
            "version": "v2.0.5",
            "source": {
                "type": "git",
                "url": "https://github.com/rocklobster-in/form-data-tree-php.git",
                "reference": "27e6fe0c8e795087dd3fa803d82d9126d4f42e7c"
            },
            "dist": {
                "type": "zip",
                "url": "https://api.github.com/repos/rocklobster-in/form-data-tree-php/zipball/27e6fe0c8e795087dd3fa803d82d9126d4f42e7c",
                "reference": "27e6fe0c8e795087dd3fa803d82d9126d4f42e7c",
                "shasum": ""
            },
            "require": {
                "php": ">=8.3",
                "rocklobsterinc/functions": "^v1.0.4"
            },
            "type": "library",
            "autoload": {
                "files": [
                    "src/functions.php"
                ],
                "psr-4": {
                    "RockLobsterInc\\FormDataTree\\": "src/"
                }
            },
            "notification-url": "https://packagist.org/downloads/",
            "license": [
                "MIT"
            ],
            "authors": [
                {
                    "name": "Takayuki Miyoshi",
                    "role": "Developer"
                }
            ],
            "description": "FormDataTree for PHP",
            "support": {
                "issues": "https://github.com/rocklobster-in/form-data-tree-php/issues",
                "source": "https://github.com/rocklobster-in/form-data-tree-php/tree/v2.0.5"
            },
            "time": "2026-07-21T09:26:13+00:00"
        },
        {
            "name": "rocklobsterinc/functions",
            "version": "v1.0.4",
            "source": {
                "type": "git",
                "url": "https://github.com/rocklobster-in/functions-php.git",
                "reference": "99b4b63a044d57156dd9e2b96b1260775f00563c"
            },
            "dist": {
                "type": "zip",
                "url": "https://api.github.com/repos/rocklobster-in/functions-php/zipball/99b4b63a044d57156dd9e2b96b1260775f00563c",
                "reference": "99b4b63a044d57156dd9e2b96b1260775f00563c",
                "shasum": ""
            },
            "require": {
                "php": ">=8.3"
            },
            "type": "library",
            "autoload": {
                "files": [
                    "src/functions.php"
                ]
            },
            "notification-url": "https://packagist.org/downloads/",
            "license": [
                "MIT"
            ],
            "authors": [
                {
                    "name": "Takayuki Miyoshi",
                    "role": "Developer"
                }
            ],
            "description": "Rock Lobster's PHP function library",
            "support": {
                "issues": "https://github.com/rocklobster-in/functions-php/issues",
                "source": "https://github.com/rocklobster-in/functions-php/tree/v1.0.4"
            },
            "time": "2025-12-16T09:37:26+00:00"
        },
        {
            "name": "rocklobsterinc/swv",
            "version": "v2.0.6",
            "source": {
                "type": "git",
                "url": "https://github.com/rocklobster-in/swv-php.git",
                "reference": "27879551c167e337bfedb36c182f58a613de6eca"
            },
            "dist": {
                "type": "zip",
                "url": "https://api.github.com/repos/rocklobster-in/swv-php/zipball/27879551c167e337bfedb36c182f58a613de6eca",
                "reference": "27879551c167e337bfedb36c182f58a613de6eca",
                "shasum": ""
            },
            "require": {
                "php": ">=8.3",
                "rocklobsterinc/form-data-tree": "^v2.0",
                "rocklobsterinc/functions": "^v1.0"
            },
            "require-dev": {
                "php-parallel-lint/php-parallel-lint": "^1.4",
                "phpunit/phpunit": "^12.5"
            },
            "type": "library",
            "autoload": {
                "files": [
                    "src/functions.php"
                ],
                "psr-4": {
                    "RockLobsterInc\\Swv\\": "src/"
                }
            },
            "notification-url": "https://packagist.org/downloads/",
            "license": [
                "MIT"
            ],
            "authors": [
                {
                    "name": "Takayuki Miyoshi",
                    "role": "Developer"
                }
            ],
            "description": "Schema-Woven Validation for PHP",
            "support": {
                "issues": "https://github.com/rocklobster-in/swv-php/issues",
                "source": "https://github.com/rocklobster-in/swv-php/tree/v2.0.6"
            },
            "time": "2026-07-30T07:15:53+00:00"
        }
    ],
    "packages-dev": [],
    "aliases": [],
    "minimum-stability": "stable",
    "stability-flags": {},
    "prefer-stable": false,
    "prefer-lowest": false,
    "platform": {},
    "platform-dev": {},
    "plugin-api-version": "2.9.0"
}
