{
    "_readme": [
        "This file locks the dependencies of your project to a known state",
        "Read more about it at https://getcomposer.org/doc/01-basic-usage.md#installing-dependencies",
        "This file is @generated automatically"
    ],
    "content-hash": "27c201be9094077d3b395360b57f7528",
    "packages": [
        {
            "name": "rocklobsterinc/form-data-tree",
            "version": "v2.0.2",
            "source": {
                "type": "git",
                "url": "https://github.com/rocklobster-in/form-data-tree-php.git",
                "reference": "1afbe57c9060c34adbbda08bb2439c4cf4258a8f"
            },
            "dist": {
                "type": "zip",
                "url": "https://api.github.com/repos/rocklobster-in/form-data-tree-php/zipball/1afbe57c9060c34adbbda08bb2439c4cf4258a8f",
                "reference": "1afbe57c9060c34adbbda08bb2439c4cf4258a8f",
                "shasum": ""
            },
            "require": {
                "php": ">=8.3",
                "rocklobsterinc/functions": "^v1.0.4"
            },
            "type": "library",
            "autoload": {
                "files": [
                    "src/functions.php"
                ],
                "psr-4": {
                    "RockLobsterInc\\FormDataTree\\": "src/"
                }
            },
            "notification-url": "https://packagist.org/downloads/",
            "license": [
                "MIT"
            ],
            "authors": [
                {
                    "name": "Takayuki Miyoshi",
                    "role": "Developer"
                }
            ],
            "description": "FormDataTree for PHP",
            "support": {
                "issues": "https://github.com/rocklobster-in/form-data-tree-php/issues",
                "source": "https://github.com/rocklobster-in/form-data-tree-php/tree/v2.0.2"
            },
            "time": "2025-12-16T10:16:39+00:00"
        },
        {
            "name": "rocklobsterinc/functions",
            "version": "v1.0.4",
            "source": {
                "type": "git",
                "url": "https://github.com/rocklobster-in/functions-php.git",
                "reference": "99b4b63a044d57156dd9e2b96b1260775f00563c"
            },
            "dist": {
                "type": "zip",
                "url": "https://api.github.com/repos/rocklobster-in/functions-php/zipball/99b4b63a044d57156dd9e2b96b1260775f00563c",
                "reference": "99b4b63a044d57156dd9e2b96b1260775f00563c",
                "shasum": ""
            },
            "require": {
                "php": ">=8.3"
            },
            "type": "library",
            "autoload": {
                "files": [
                    "src/functions.php"
                ]
            },
            "notification-url": "https://packagist.org/downloads/",
            "license": [
                "MIT"
            ],
            "authors": [
                {
                    "name": "Takayuki Miyoshi",
                    "role": "Developer"
                }
            ],
            "description": "Rock Lobster's PHP function library",
            "support": {
                "issues": "https://github.com/rocklobster-in/functions-php/issues",
                "source": "https://github.com/rocklobster-in/functions-php/tree/v1.0.4"
            },
            "time": "2025-12-16T09:37:26+00:00"
        },
        {
            "name": "rocklobsterinc/swv",
            "version": "v2.0.3",
            "source": {
                "type": "git",
                "url": "https://github.com/rocklobster-in/swv-php.git",
                "reference": "8613fe1d7a83a32d96e0b3d769aea46c9af5147e"
            },
            "dist": {
                "type": "zip",
                "url": "https://api.github.com/repos/rocklobster-in/swv-php/zipball/8613fe1d7a83a32d96e0b3d769aea46c9af5147e",
                "reference": "8613fe1d7a83a32d96e0b3d769aea46c9af5147e",
                "shasum": ""
            },
            "require": {
                "php": ">=8.3",
                "rocklobsterinc/form-data-tree": "^v2.0.2",
                "rocklobsterinc/functions": "^v1.0.4"
            },
            "type": "library",
            "autoload": {
                "files": [
                    "src/functions.php"
                ],
                "psr-4": {
                    "RockLobsterInc\\Swv\\": "src/"
                }
            },
            "notification-url": "https://packagist.org/downloads/",
            "license": [
                "MIT"
            ],
            "authors": [
                {
                    "name": "Takayuki Miyoshi",
                    "role": "Developer"
                }
            ],
            "description": "Schema-Woven Validation for PHP",
            "support": {
                "issues": "https://github.com/rocklobster-in/swv-php/issues",
                "source": "https://github.com/rocklobster-in/swv-php/tree/v2.0.3"
            },
            "time": "2025-12-16T10:20:09+00:00"
        }
    ],
    "packages-dev": [],
    "aliases": [],
    "minimum-stability": "stable",
    "stability-flags": {},
    "prefer-stable": false,
    "prefer-lowest": false,
    "platform": {},
    "platform-dev": {},
    "plugin-api-version": "2.6.0"
}
