{
    "_readme": [
        "This file locks the dependencies of your project to a known state",
        "Read more about it at https://getcomposer.org/doc/01-basic-usage.md#installing-dependencies",
        "This file is @generated automatically"
    ],
    "content-hash": "0829e2692de3052d6c16d1b1ca7a57d8",
    "packages": [
        {
            "name": "rocklobsterinc/form-data-tree",
            "version": "v2.0.1",
            "source": {
                "type": "git",
                "url": "https://github.com/rocklobster-in/form-data-tree-php.git",
                "reference": "a934b17bac691890067b05771e9b3df1ebb758e7"
            },
            "dist": {
                "type": "zip",
                "url": "https://api.github.com/repos/rocklobster-in/form-data-tree-php/zipball/a934b17bac691890067b05771e9b3df1ebb758e7",
                "reference": "a934b17bac691890067b05771e9b3df1ebb758e7",
                "shasum": ""
            },
            "require": {
                "php": ">=8.3",
                "rocklobsterinc/functions": "^v1.0.3"
            },
            "type": "library",
            "autoload": {
                "files": [
                    "src/functions.php"
                ],
                "psr-4": {
                    "RockLobsterInc\\FormDataTree\\": "src/"
                }
            },
            "notification-url": "https://packagist.org/downloads/",
            "license": [
                "MIT"
            ],
            "authors": [
                {
                    "name": "Takayuki Miyoshi",
                    "role": "Developer"
                }
            ],
            "description": "FormDataTree for PHP",
            "support": {
                "issues": "https://github.com/rocklobster-in/form-data-tree-php/issues",
                "source": "https://github.com/rocklobster-in/form-data-tree-php/tree/v2.0.1"
            },
            "time": "2025-11-25T08:49:37+00:00"
        },
        {
            "name": "rocklobsterinc/functions",
            "version": "v1.0.3",
            "source": {
                "type": "git",
                "url": "https://github.com/rocklobster-in/functions-php.git",
                "reference": "8181c7db63cf3a16af414e7ced19836eef991f12"
            },
            "dist": {
                "type": "zip",
                "url": "https://api.github.com/repos/rocklobster-in/functions-php/zipball/8181c7db63cf3a16af414e7ced19836eef991f12",
                "reference": "8181c7db63cf3a16af414e7ced19836eef991f12",
                "shasum": ""
            },
            "require": {
                "php": ">=8.3"
            },
            "type": "library",
            "autoload": {
                "files": [
                    "src/functions.php"
                ]
            },
            "notification-url": "https://packagist.org/downloads/",
            "license": [
                "MIT"
            ],
            "authors": [
                {
                    "name": "Takayuki Miyoshi",
                    "role": "Developer"
                }
            ],
            "description": "Rock Lobster's PHP function library",
            "support": {
                "issues": "https://github.com/rocklobster-in/functions-php/issues",
                "source": "https://github.com/rocklobster-in/functions-php/tree/v1.0.3"
            },
            "time": "2025-11-25T07:56:04+00:00"
        },
        {
            "name": "rocklobsterinc/swv",
            "version": "v2.0.2",
            "source": {
                "type": "git",
                "url": "https://github.com/rocklobster-in/swv-php.git",
                "reference": "d8508842cf66f76a27af2bb6d0d29a82c1686025"
            },
            "dist": {
                "type": "zip",
                "url": "https://api.github.com/repos/rocklobster-in/swv-php/zipball/d8508842cf66f76a27af2bb6d0d29a82c1686025",
                "reference": "d8508842cf66f76a27af2bb6d0d29a82c1686025",
                "shasum": ""
            },
            "require": {
                "php": ">=8.3",
                "rocklobsterinc/form-data-tree": "^v2.0.1",
                "rocklobsterinc/functions": "^v1.0.3"
            },
            "type": "library",
            "autoload": {
                "files": [
                    "src/functions.php"
                ],
                "psr-4": {
                    "RockLobsterInc\\Swv\\": "src/"
                }
            },
            "notification-url": "https://packagist.org/downloads/",
            "license": [
                "MIT"
            ],
            "authors": [
                {
                    "name": "Takayuki Miyoshi",
                    "role": "Developer"
                }
            ],
            "description": "Schema-Woven Validation for PHP",
            "support": {
                "issues": "https://github.com/rocklobster-in/swv-php/issues",
                "source": "https://github.com/rocklobster-in/swv-php/tree/v2.0.2"
            },
            "time": "2025-12-08T02:52:11+00:00"
        }
    ],
    "packages-dev": [],
    "aliases": [],
    "minimum-stability": "stable",
    "stability-flags": {},
    "prefer-stable": false,
    "prefer-lowest": false,
    "platform": {},
    "platform-dev": {},
    "plugin-api-version": "2.9.0"
}
